
Microsoft Visual Studio Solution File, Format Version 12.00
# Visual Studio Version 17
VisualStudioVersion = 17.14.36408.4 d17.14
MinimumVisualStudioVersion = 10.0.40219.1
Project("{FAE04EC0-301F-11D3-BF4B-00C04F79EFBC}") = "Autocompletion", "Autocompletion\Autocompletion.csproj", "{9A874386-06E3-4B04-86AF-E4B3A67F4550}"
EndProject
Global
	GlobalSection(SolutionConfigurationPlatforms) = preSolution
		Debug|Any CPU = Debug|Any CPU
		Release|Any CPU = Release|Any CPU
	EndGlobalSection
	GlobalSection(ProjectConfigurationPlatforms) = postSolution
		{9A874386-06E3-4B04-86AF-E4B3A67F4550}.Debug|Any CPU.ActiveCfg = Debug|Any CPU
		{9A874386-06E3-4B04-86AF-E4B3A67F4550}.Debug|Any CPU.Build.0 = Debug|Any CPU
		{9A874386-06E3-4B04-86AF-E4B3A67F4550}.Release|Any CPU.ActiveCfg = Release|Any CPU
		{9A874386-06E3-4B04-86AF-E4B3A67F4550}.Release|Any CPU.Build.0 = Release|Any CPU
	EndGlobalSection
	GlobalSection(SolutionProperties) = preSolution
		HideSolutionNode = FALSE
	EndGlobalSection
	GlobalSection(ExtensibilityGlobals) = postSolution
		SolutionGuid = {EDB340C9-4D78-42A1-AE92-DF3B642EC401}
	EndGlobalSection
EndGlobal
